
Microsoft Visual Studio Solution File, Format Version 12.00
# Visual Studio Version 17
VisualStudioVersion = 17.3.32901.215
MinimumVisualStudioVersion = 10.0.40219.1
Project("{FAE04EC0-301F-11D3-BF4B-00C04F79EFBC}") = "WinFormsApp1", "WinFormsApp1\WinFormsApp1.csproj", "{DFB7733D-AEB2-439B-88B1-E5B571B9F8E5}"
EndProject
Global
	GlobalSection(SolutionConfigurationPlatforms) = preSolution
		Debug|Any CPU = Debug|Any CPU
		Release|Any CPU = Release|Any CPU
	EndGlobalSection
	GlobalSection(ProjectConfigurationPlatforms) = postSolution
		{DFB7733D-AEB2-439B-88B1-E5B571B9F8E5}.Debug|Any CPU.ActiveCfg = Debug|Any CPU
		{DFB7733D-AEB2-439B-88B1-E5B571B9F8E5}.Debug|Any CPU.Build.0 = Debug|Any CPU
		{DFB7733D-AEB2-439B-88B1-E5B571B9F8E5}.Release|Any CPU.ActiveCfg = Release|Any CPU
		{DFB7733D-AEB2-439B-88B1-E5B571B9F8E5}.Release|Any CPU.Build.0 = Release|Any CPU
	EndGlobalSection
	GlobalSection(SolutionProperties) = preSolution
		HideSolutionNode = FALSE
	EndGlobalSection
	GlobalSection(ExtensibilityGlobals) = postSolution
		SolutionGuid = {8654F01D-29C9-4EEC-9717-73B3C9777E1C}
	EndGlobalSection
EndGlobal
